
Microsoft Visual Studio Solution File, Format Version 12.00
# Visual Studio Version 17
VisualStudioVersion = 17.3.32819.101
MinimumVisualStudioVersion = 10.0.40219.1
Project("{FAE04EC0-301F-11D3-BF4B-00C04F79EFBC}") = "unicornassignment", "unicornassignment.csproj", "{628F2B60-2A33-462A-ADD7-803228FDDB88}"
EndProject
Global
	GlobalSection(SolutionConfigurationPlatforms) = preSolution
		Debug|Any CPU = Debug|Any CPU
		Release|Any CPU = Release|Any CPU
	EndGlobalSection
	GlobalSection(ProjectConfigurationPlatforms) = postSolution
		{628F2B60-2A33-462A-ADD7-803228FDDB88}.Debug|Any CPU.ActiveCfg = Debug|Any CPU
		{628F2B60-2A33-462A-ADD7-803228FDDB88}.Debug|Any CPU.Build.0 = Debug|Any CPU
		{628F2B60-2A33-462A-ADD7-803228FDDB88}.Release|Any CPU.ActiveCfg = Release|Any CPU
		{628F2B60-2A33-462A-ADD7-803228FDDB88}.Release|Any CPU.Build.0 = Release|Any CPU
	EndGlobalSection
	GlobalSection(SolutionProperties) = preSolution
		HideSolutionNode = FALSE
	EndGlobalSection
	GlobalSection(ExtensibilityGlobals) = postSolution
		SolutionGuid = {E215DD66-5744-4F51-BAC0-B1A23CE1316F}
	EndGlobalSection
EndGlobal
